
Microsoft Visual Studio Solution File, Format Version 12.00
# Visual Studio Version 17
VisualStudioVersion = 17.1.32407.343
MinimumVisualStudioVersion = 10.0.40219.1
Project("{FAE04EC0-301F-11D3-BF4B-00C04F79EFBC}") = "Simple Hosting Application", "Simple Hosting Application\Simple Hosting Application.csproj", "{3A710CD4-4A65-4F96-99A9-46785489FBCA}"
EndProject
Global
	GlobalSection(SolutionConfigurationPlatforms) = preSolution
		Debug|Any CPU = Debug|Any CPU
		Release|Any CPU = Release|Any CPU
	EndGlobalSection
	GlobalSection(ProjectConfigurationPlatforms) = postSolution
		{3A710CD4-4A65-4F96-99A9-46785489FBCA}.Debug|Any CPU.ActiveCfg = Debug|Any CPU
		{3A710CD4-4A65-4F96-99A9-46785489FBCA}.Debug|Any CPU.Build.0 = Debug|Any CPU
		{3A710CD4-4A65-4F96-99A9-46785489FBCA}.Release|Any CPU.ActiveCfg = Release|Any CPU
		{3A710CD4-4A65-4F96-99A9-46785489FBCA}.Release|Any CPU.Build.0 = Release|Any CPU
	EndGlobalSection
	GlobalSection(SolutionProperties) = preSolution
		HideSolutionNode = FALSE
	EndGlobalSection
	GlobalSection(ExtensibilityGlobals) = postSolution
		SolutionGuid = {2880FDD2-861F-48B9-85D9-9226FF4C6E0A}
	EndGlobalSection
EndGlobal
